
Microsoft Visual Studio Solution File, Format Version 12.00
# Visual Studio Version 17
VisualStudioVersion = 17.11.35312.102
MinimumVisualStudioVersion = 10.0.40219.1
Project("{FAE04EC0-301F-11D3-BF4B-00C04F79EFBC}") = "Lab04", "Lab04\Lab04.csproj", "{FFDF9453-134C-4B98-ADC6-2CD7FA63F2B3}"
EndProject
Project("{FAE04EC0-301F-11D3-BF4B-00C04F79EFBC}") = "Task01", "Task01\Task01.csproj", "{6EF760A4-6031-444D-9D4C-2836FEE33B0F}"
EndProject
Project("{FAE04EC0-301F-11D3-BF4B-00C04F79EFBC}") = "Task02", "Task02\Task02.csproj", "{793396BE-5844-44D9-8851-831D20910F80}"
EndProject
Project("{FAE04EC0-301F-11D3-BF4B-00C04F79EFBC}") = "Task03", "Task03\Task03.csproj", "{8BD6A105-7987-4615-B833-618461126268}"
EndProject
Project("{FAE04EC0-301F-11D3-BF4B-00C04F79EFBC}") = "Task04", "Task04\Task04.csproj", "{4C32021A-C251-47F0-BAB4-9A0B2A0380EA}"
EndProject
Project("{FAE04EC0-301F-11D3-BF4B-00C04F79EFBC}") = "Task05", "Task05\Task05.csproj", "{4D1A2411-20CC-456C-99CE-50DC44608A06}"
EndProject
Project("{FAE04EC0-301F-11D3-BF4B-00C04F79EFBC}") = "Task06", "Task06\Task06.csproj", "{558D20AF-8CB0-4C77-94F7-FFFCE2B2D4C3}"
EndProject
Project("{FAE04EC0-301F-11D3-BF4B-00C04F79EFBC}") = "Task07", "Task07\Task07.csproj", "{918D45E1-4839-4023-9659-B0840EE2F5FA}"
EndProject
Project("{FAE04EC0-301F-11D3-BF4B-00C04F79EFBC}") = "Task08", "Task08\Task08.csproj", "{FE8E8925-390B-4794-8993-1A3D6CAC94BE}"
EndProject
Project("{FAE04EC0-301F-11D3-BF4B-00C04F79EFBC}") = "Task09", "Task09\Task09.csproj", "{7AD76F3A-C594-4D6D-ADE3-94394D466481}"
EndProject
Project("{FAE04EC0-301F-11D3-BF4B-00C04F79EFBC}") = "Task10", "Task10\Task10.csproj", "{160EED5B-3164-4DBE-9A9C-990E2A799BF7}"
EndProject
Project("{FAE04EC0-301F-11D3-BF4B-00C04F79EFBC}") = "Task11", "Task11\Task11.csproj", "{15898991-9CF8-40BA-AEAE-50E1208281FC}"
EndProject
Project("{FAE04EC0-301F-11D3-BF4B-00C04F79EFBC}") = "Task12", "Task12\Task12.csproj", "{B807F124-CA18-4663-B02C-BC6B5A450FB0}"
EndProject
Global
	GlobalSection(SolutionConfigurationPlatforms) = preSolution
		Debug|Any CPU = Debug|Any CPU
		Release|Any CPU = Release|Any CPU
	EndGlobalSection
	GlobalSection(ProjectConfigurationPlatforms) = postSolution
		{FFDF9453-134C-4B98-ADC6-2CD7FA63F2B3}.Debug|Any CPU.ActiveCfg = Debug|Any CPU
		{FFDF9453-134C-4B98-ADC6-2CD7FA63F2B3}.Debug|Any CPU.Build.0 = Debug|Any CPU
		{FFDF9453-134C-4B98-ADC6-2CD7FA63F2B3}.Release|Any CPU.ActiveCfg = Release|Any CPU
		{FFDF9453-134C-4B98-ADC6-2CD7FA63F2B3}.Release|Any CPU.Build.0 = Release|Any CPU
		{6EF760A4-6031-444D-9D4C-2836FEE33B0F}.Debug|Any CPU.ActiveCfg = Debug|Any CPU
		{6EF760A4-6031-444D-9D4C-2836FEE33B0F}.Debug|Any CPU.Build.0 = Debug|Any CPU
		{6EF760A4-6031-444D-9D4C-2836FEE33B0F}.Release|Any CPU.ActiveCfg = Release|Any CPU
		{6EF760A4-6031-444D-9D4C-2836FEE33B0F}.Release|Any CPU.Build.0 = Release|Any CPU
		{793396BE-5844-44D9-8851-831D20910F80}.Debug|Any CPU.ActiveCfg = Debug|Any CPU
		{793396BE-5844-44D9-8851-831D20910F80}.Debug|Any CPU.Build.0 = Debug|Any CPU
		{793396BE-5844-44D9-8851-831D20910F80}.Release|Any CPU.ActiveCfg = Release|Any CPU
		{793396BE-5844-44D9-8851-831D20910F80}.Release|Any CPU.Build.0 = Release|Any CPU
		{8BD6A105-7987-4615-B833-618461126268}.Debug|Any CPU.ActiveCfg = Debug|Any CPU
		{8BD6A105-7987-4615-B833-618461126268}.Debug|Any CPU.Build.0 = Debug|Any CPU
		{8BD6A105-7987-4615-B833-618461126268}.Release|Any CPU.ActiveCfg = Release|Any CPU
		{8BD6A105-7987-4615-B833-618461126268}.Release|Any CPU.Build.0 = Release|Any CPU
		{4C32021A-C251-47F0-BAB4-9A0B2A0380EA}.Debug|Any CPU.ActiveCfg = Debug|Any CPU
		{4C32021A-C251-47F0-BAB4-9A0B2A0380EA}.Debug|Any CPU.Build.0 = Debug|Any CPU
		{4C32021A-C251-47F0-BAB4-9A0B2A0380EA}.Release|Any CPU.ActiveCfg = Release|Any CPU
		{4C32021A-C251-47F0-BAB4-9A0B2A0380EA}.Release|Any CPU.Build.0 = Release|Any CPU
		{4D1A2411-20CC-456C-99CE-50DC44608A06}.Debug|Any CPU.ActiveCfg = Debug|Any CPU
		{4D1A2411-20CC-456C-99CE-50DC44608A06}.Debug|Any CPU.Build.0 = Debug|Any CPU
		{4D1A2411-20CC-456C-99CE-50DC44608A06}.Release|Any CPU.ActiveCfg = Release|Any CPU
		{4D1A2411-20CC-456C-99CE-50DC44608A06}.Release|Any CPU.Build.0 = Release|Any CPU
		{558D20AF-8CB0-4C77-94F7-FFFCE2B2D4C3}.Debug|Any CPU.ActiveCfg = Debug|Any CPU
		{558D20AF-8CB0-4C77-94F7-FFFCE2B2D4C3}.Debug|Any CPU.Build.0 = Debug|Any CPU
		{558D20AF-8CB0-4C77-94F7-FFFCE2B2D4C3}.Release|Any CPU.ActiveCfg = Release|Any CPU
		{558D20AF-8CB0-4C77-94F7-FFFCE2B2D4C3}.Release|Any CPU.Build.0 = Release|Any CPU
		{918D45E1-4839-4023-9659-B0840EE2F5FA}.Debug|Any CPU.ActiveCfg = Debug|Any CPU
		{918D45E1-4839-4023-9659-B0840EE2F5FA}.Debug|Any CPU.Build.0 = Debug|Any CPU
		{918D45E1-4839-4023-9659-B0840EE2F5FA}.Release|Any CPU.ActiveCfg = Release|Any CPU
		{918D45E1-4839-4023-9659-B0840EE2F5FA}.Release|Any CPU.Build.0 = Release|Any CPU
		{FE8E8925-390B-4794-8993-1A3D6CAC94BE}.Debug|Any CPU.ActiveCfg = Debug|Any CPU
		{FE8E8925-390B-4794-8993-1A3D6CAC94BE}.Debug|Any CPU.Build.0 = Debug|Any CPU
		{FE8E8925-390B-4794-8993-1A3D6CAC94BE}.Release|Any CPU.ActiveCfg = Release|Any CPU
		{FE8E8925-390B-4794-8993-1A3D6CAC94BE}.Release|Any CPU.Build.0 = Release|Any CPU
		{7AD76F3A-C594-4D6D-ADE3-94394D466481}.Debug|Any CPU.ActiveCfg = Debug|Any CPU
		{7AD76F3A-C594-4D6D-ADE3-94394D466481}.Debug|Any CPU.Build.0 = Debug|Any CPU
		{7AD76F3A-C594-4D6D-ADE3-94394D466481}.Release|Any CPU.ActiveCfg = Release|Any CPU
		{7AD76F3A-C594-4D6D-ADE3-94394D466481}.Release|Any CPU.Build.0 = Release|Any CPU
		{160EED5B-3164-4DBE-9A9C-990E2A799BF7}.Debug|Any CPU.ActiveCfg = Debug|Any CPU
		{160EED5B-3164-4DBE-9A9C-990E2A799BF7}.Debug|Any CPU.Build.0 = Debug|Any CPU
		{160EED5B-3164-4DBE-9A9C-990E2A799BF7}.Release|Any CPU.ActiveCfg = Release|Any CPU
		{160EED5B-3164-4DBE-9A9C-990E2A799BF7}.Release|Any CPU.Build.0 = Release|Any CPU
		{15898991-9CF8-40BA-AEAE-50E1208281FC}.Debug|Any CPU.ActiveCfg = Debug|Any CPU
		{15898991-9CF8-40BA-AEAE-50E1208281FC}.Debug|Any CPU.Build.0 = Debug|Any CPU
		{15898991-9CF8-40BA-AEAE-50E1208281FC}.Release|Any CPU.ActiveCfg = Release|Any CPU
		{15898991-9CF8-40BA-AEAE-50E1208281FC}.Release|Any CPU.Build.0 = Release|Any CPU
		{B807F124-CA18-4663-B02C-BC6B5A450FB0}.Debug|Any CPU.ActiveCfg = Debug|Any CPU
		{B807F124-CA18-4663-B02C-BC6B5A450FB0}.Debug|Any CPU.Build.0 = Debug|Any CPU
		{B807F124-CA18-4663-B02C-BC6B5A450FB0}.Release|Any CPU.ActiveCfg = Release|Any CPU
		{B807F124-CA18-4663-B02C-BC6B5A450FB0}.Release|Any CPU.Build.0 = Release|Any CPU
	EndGlobalSection
	GlobalSection(SolutionProperties) = preSolution
		HideSolutionNode = FALSE
	EndGlobalSection
	GlobalSection(ExtensibilityGlobals) = postSolution
		SolutionGuid = {C1C72958-D9CC-49EC-A946-1540184FA79A}
	EndGlobalSection
EndGlobal
