
Microsoft Visual Studio Solution File, Format Version 12.00
# Visual Studio Version 17
VisualStudioVersion = 17.11.35312.102
MinimumVisualStudioVersion = 10.0.40219.1
Project("{9A19103F-16F7-4668-BE54-9A1E7A4F7556}") = "LABA03", "LABA03\LABA03.csproj", "{A38C5EC6-E9AC-4300-85FC-07498B27DF03}"
EndProject
Project("{9A19103F-16F7-4668-BE54-9A1E7A4F7556}") = "Task01", "Task01\Task01.csproj", "{D6533FD5-6CD2-476C-A503-EAE1FC50F9B4}"
EndProject
Project("{9A19103F-16F7-4668-BE54-9A1E7A4F7556}") = "Task02", "Task02\Task02.csproj", "{0AA6B447-006C-4C62-88DC-2D7FD9B89B81}"
EndProject
Project("{9A19103F-16F7-4668-BE54-9A1E7A4F7556}") = "Task03", "Task03\Task03.csproj", "{1F143433-B125-443C-A215-46993AEB0E8D}"
EndProject
Project("{9A19103F-16F7-4668-BE54-9A1E7A4F7556}") = "Task04", "Task04\Task04.csproj", "{5969ED0B-2A9F-4F97-9B1D-F5A3249F520F}"
EndProject
Project("{9A19103F-16F7-4668-BE54-9A1E7A4F7556}") = "Task05", "Task05\Task05.csproj", "{5E4416A7-1355-4EBB-8A3A-846713A8A3A9}"
EndProject
Project("{9A19103F-16F7-4668-BE54-9A1E7A4F7556}") = "Task06", "Task06\Task06.csproj", "{7D36935F-D33D-4F06-8EC8-8FCC9315AA3B}"
EndProject
Project("{9A19103F-16F7-4668-BE54-9A1E7A4F7556}") = "Task07", "Task07\Task07.csproj", "{2AF9FB91-34B4-4C98-A7C2-DD67C8622E29}"
EndProject
Project("{9A19103F-16F7-4668-BE54-9A1E7A4F7556}") = "Task08", "Task08\Task08.csproj", "{613D0C84-7453-469E-9F4E-64BCD643759A}"
EndProject
Project("{9A19103F-16F7-4668-BE54-9A1E7A4F7556}") = "Task09", "Task09\Task09.csproj", "{6A3B8AD9-0FB7-49CC-B3BE-27227EA5CE7D}"
EndProject
Project("{9A19103F-16F7-4668-BE54-9A1E7A4F7556}") = "Task10", "Task10\Task10.csproj", "{82FC250D-0B19-4355-956B-6CC7C825EBE9}"
EndProject
Project("{9A19103F-16F7-4668-BE54-9A1E7A4F7556}") = "Task11", "Task11\Task11.csproj", "{10298DC0-4FBA-449D-9ADA-7D72A4E50F64}"
EndProject
Project("{9A19103F-16F7-4668-BE54-9A1E7A4F7556}") = "Task12", "Task12\Task12.csproj", "{41615368-9CB4-49FD-973E-C1BC7B51452F}"
EndProject
Project("{9A19103F-16F7-4668-BE54-9A1E7A4F7556}") = "Task13", "Task13\Task13.csproj", "{7ADAA9CF-1528-477F-8B26-F493A88B97A4}"
EndProject
Project("{FAE04EC0-301F-11D3-BF4B-00C04F79EFBC}") = "Task14", "Task14\Task14.csproj", "{8DAC96BC-8E06-4522-8287-CDF6C8D3400F}"
EndProject
Global
	GlobalSection(SolutionConfigurationPlatforms) = preSolution
		Debug|Any CPU = Debug|Any CPU
		Release|Any CPU = Release|Any CPU
	EndGlobalSection
	GlobalSection(ProjectConfigurationPlatforms) = postSolution
		{A38C5EC6-E9AC-4300-85FC-07498B27DF03}.Debug|Any CPU.ActiveCfg = Debug|Any CPU
		{A38C5EC6-E9AC-4300-85FC-07498B27DF03}.Debug|Any CPU.Build.0 = Debug|Any CPU
		{A38C5EC6-E9AC-4300-85FC-07498B27DF03}.Release|Any CPU.ActiveCfg = Release|Any CPU
		{A38C5EC6-E9AC-4300-85FC-07498B27DF03}.Release|Any CPU.Build.0 = Release|Any CPU
		{D6533FD5-6CD2-476C-A503-EAE1FC50F9B4}.Debug|Any CPU.ActiveCfg = Debug|Any CPU
		{D6533FD5-6CD2-476C-A503-EAE1FC50F9B4}.Debug|Any CPU.Build.0 = Debug|Any CPU
		{D6533FD5-6CD2-476C-A503-EAE1FC50F9B4}.Release|Any CPU.ActiveCfg = Release|Any CPU
		{D6533FD5-6CD2-476C-A503-EAE1FC50F9B4}.Release|Any CPU.Build.0 = Release|Any CPU
		{0AA6B447-006C-4C62-88DC-2D7FD9B89B81}.Debug|Any CPU.ActiveCfg = Debug|Any CPU
		{0AA6B447-006C-4C62-88DC-2D7FD9B89B81}.Debug|Any CPU.Build.0 = Debug|Any CPU
		{0AA6B447-006C-4C62-88DC-2D7FD9B89B81}.Release|Any CPU.ActiveCfg = Release|Any CPU
		{0AA6B447-006C-4C62-88DC-2D7FD9B89B81}.Release|Any CPU.Build.0 = Release|Any CPU
		{1F143433-B125-443C-A215-46993AEB0E8D}.Debug|Any CPU.ActiveCfg = Debug|Any CPU
		{1F143433-B125-443C-A215-46993AEB0E8D}.Debug|Any CPU.Build.0 = Debug|Any CPU
		{1F143433-B125-443C-A215-46993AEB0E8D}.Release|Any CPU.ActiveCfg = Release|Any CPU
		{1F143433-B125-443C-A215-46993AEB0E8D}.Release|Any CPU.Build.0 = Release|Any CPU
		{5969ED0B-2A9F-4F97-9B1D-F5A3249F520F}.Debug|Any CPU.ActiveCfg = Debug|Any CPU
		{5969ED0B-2A9F-4F97-9B1D-F5A3249F520F}.Debug|Any CPU.Build.0 = Debug|Any CPU
		{5969ED0B-2A9F-4F97-9B1D-F5A3249F520F}.Release|Any CPU.ActiveCfg = Release|Any CPU
		{5969ED0B-2A9F-4F97-9B1D-F5A3249F520F}.Release|Any CPU.Build.0 = Release|Any CPU
		{5E4416A7-1355-4EBB-8A3A-846713A8A3A9}.Debug|Any CPU.ActiveCfg = Debug|Any CPU
		{5E4416A7-1355-4EBB-8A3A-846713A8A3A9}.Debug|Any CPU.Build.0 = Debug|Any CPU
		{5E4416A7-1355-4EBB-8A3A-846713A8A3A9}.Release|Any CPU.ActiveCfg = Release|Any CPU
		{5E4416A7-1355-4EBB-8A3A-846713A8A3A9}.Release|Any CPU.Build.0 = Release|Any CPU
		{7D36935F-D33D-4F06-8EC8-8FCC9315AA3B}.Debug|Any CPU.ActiveCfg = Debug|Any CPU
		{7D36935F-D33D-4F06-8EC8-8FCC9315AA3B}.Debug|Any CPU.Build.0 = Debug|Any CPU
		{7D36935F-D33D-4F06-8EC8-8FCC9315AA3B}.Release|Any CPU.ActiveCfg = Release|Any CPU
		{7D36935F-D33D-4F06-8EC8-8FCC9315AA3B}.Release|Any CPU.Build.0 = Release|Any CPU
		{2AF9FB91-34B4-4C98-A7C2-DD67C8622E29}.Debug|Any CPU.ActiveCfg = Debug|Any CPU
		{2AF9FB91-34B4-4C98-A7C2-DD67C8622E29}.Debug|Any CPU.Build.0 = Debug|Any CPU
		{2AF9FB91-34B4-4C98-A7C2-DD67C8622E29}.Release|Any CPU.ActiveCfg = Release|Any CPU
		{2AF9FB91-34B4-4C98-A7C2-DD67C8622E29}.Release|Any CPU.Build.0 = Release|Any CPU
		{613D0C84-7453-469E-9F4E-64BCD643759A}.Debug|Any CPU.ActiveCfg = Debug|Any CPU
		{613D0C84-7453-469E-9F4E-64BCD643759A}.Debug|Any CPU.Build.0 = Debug|Any CPU
		{613D0C84-7453-469E-9F4E-64BCD643759A}.Release|Any CPU.ActiveCfg = Release|Any CPU
		{613D0C84-7453-469E-9F4E-64BCD643759A}.Release|Any CPU.Build.0 = Release|Any CPU
		{6A3B8AD9-0FB7-49CC-B3BE-27227EA5CE7D}.Debug|Any CPU.ActiveCfg = Debug|Any CPU
		{6A3B8AD9-0FB7-49CC-B3BE-27227EA5CE7D}.Debug|Any CPU.Build.0 = Debug|Any CPU
		{6A3B8AD9-0FB7-49CC-B3BE-27227EA5CE7D}.Release|Any CPU.ActiveCfg = Release|Any CPU
		{6A3B8AD9-0FB7-49CC-B3BE-27227EA5CE7D}.Release|Any CPU.Build.0 = Release|Any CPU
		{82FC250D-0B19-4355-956B-6CC7C825EBE9}.Debug|Any CPU.ActiveCfg = Debug|Any CPU
		{82FC250D-0B19-4355-956B-6CC7C825EBE9}.Debug|Any CPU.Build.0 = Debug|Any CPU
		{82FC250D-0B19-4355-956B-6CC7C825EBE9}.Release|Any CPU.ActiveCfg = Release|Any CPU
		{82FC250D-0B19-4355-956B-6CC7C825EBE9}.Release|Any CPU.Build.0 = Release|Any CPU
		{10298DC0-4FBA-449D-9ADA-7D72A4E50F64}.Debug|Any CPU.ActiveCfg = Debug|Any CPU
		{10298DC0-4FBA-449D-9ADA-7D72A4E50F64}.Debug|Any CPU.Build.0 = Debug|Any CPU
		{10298DC0-4FBA-449D-9ADA-7D72A4E50F64}.Release|Any CPU.ActiveCfg = Release|Any CPU
		{10298DC0-4FBA-449D-9ADA-7D72A4E50F64}.Release|Any CPU.Build.0 = Release|Any CPU
		{41615368-9CB4-49FD-973E-C1BC7B51452F}.Debug|Any CPU.ActiveCfg = Debug|Any CPU
		{41615368-9CB4-49FD-973E-C1BC7B51452F}.Debug|Any CPU.Build.0 = Debug|Any CPU
		{41615368-9CB4-49FD-973E-C1BC7B51452F}.Release|Any CPU.ActiveCfg = Release|Any CPU
		{41615368-9CB4-49FD-973E-C1BC7B51452F}.Release|Any CPU.Build.0 = Release|Any CPU
		{7ADAA9CF-1528-477F-8B26-F493A88B97A4}.Debug|Any CPU.ActiveCfg = Debug|Any CPU
		{7ADAA9CF-1528-477F-8B26-F493A88B97A4}.Debug|Any CPU.Build.0 = Debug|Any CPU
		{7ADAA9CF-1528-477F-8B26-F493A88B97A4}.Release|Any CPU.ActiveCfg = Release|Any CPU
		{7ADAA9CF-1528-477F-8B26-F493A88B97A4}.Release|Any CPU.Build.0 = Release|Any CPU
		{8DAC96BC-8E06-4522-8287-CDF6C8D3400F}.Debug|Any CPU.ActiveCfg = Debug|Any CPU
		{8DAC96BC-8E06-4522-8287-CDF6C8D3400F}.Debug|Any CPU.Build.0 = Debug|Any CPU
		{8DAC96BC-8E06-4522-8287-CDF6C8D3400F}.Release|Any CPU.ActiveCfg = Release|Any CPU
		{8DAC96BC-8E06-4522-8287-CDF6C8D3400F}.Release|Any CPU.Build.0 = Release|Any CPU
	EndGlobalSection
	GlobalSection(SolutionProperties) = preSolution
		HideSolutionNode = FALSE
	EndGlobalSection
	GlobalSection(ExtensibilityGlobals) = postSolution
		SolutionGuid = {14EEA267-EAF7-4F12-88C6-6C99CA31DFEE}
	EndGlobalSection
EndGlobal
